
Microsoft Visual Studio Solution File, Format Version 12.00
# Visual Studio Version 16
VisualStudioVersion = 16.0.30503.244
MinimumVisualStudioVersion = 10.0.40219.1
Project("{FAE04EC0-301F-11D3-BF4B-00C04F79EFBC}") = "Flappy Bird with AI", "Flappy Bird with AI\Flappy Bird with AI.csproj", "{EA871ED4-C85C-4037-AE27-194E49341821}"
EndProject
Global
	GlobalSection(SolutionConfigurationPlatforms) = preSolution
		Debug|Any CPU = Debug|Any CPU
		Release|Any CPU = Release|Any CPU
	EndGlobalSection
	GlobalSection(ProjectConfigurationPlatforms) = postSolution
		{EA871ED4-C85C-4037-AE27-194E49341821}.Debug|Any CPU.ActiveCfg = Debug|Any CPU
		{EA871ED4-C85C-4037-AE27-194E49341821}.Debug|Any CPU.Build.0 = Debug|Any CPU
		{EA871ED4-C85C-4037-AE27-194E49341821}.Release|Any CPU.ActiveCfg = Release|Any CPU
		{EA871ED4-C85C-4037-AE27-194E49341821}.Release|Any CPU.Build.0 = Release|Any CPU
	EndGlobalSection
	GlobalSection(SolutionProperties) = preSolution
		HideSolutionNode = FALSE
	EndGlobalSection
	GlobalSection(ExtensibilityGlobals) = postSolution
		SolutionGuid = {FF9CFCEF-AB11-46D1-8A59-4C64663821E7}
	EndGlobalSection
EndGlobal
